
Microsoft Visual Studio Solution File, Format Version 12.00
# Visual Studio Version 17
VisualStudioVersion = 17.0.31612.314
MinimumVisualStudioVersion = 10.0.40219.1
Project("{9A19103F-16F7-4668-BE54-9A1E7A4F7556}") = "Kodekit.Web", "Kodekit.Web\Kodekit.Web.csproj", "{4BB97F2D-7CFB-40D2-AE4F-6C61EF40BF72}"
EndProject
Project("{9A19103F-16F7-4668-BE54-9A1E7A4F7556}") = "Kodekit.Features", "Kodekit.Features\Kodekit.Features.csproj", "{D713DAA9-D37B-4600-9A38-53061B20605F}"
EndProject
Project("{9A19103F-16F7-4668-BE54-9A1E7A4F7556}") = "Kodekit", "Kodekit\Kodekit.csproj", "{10CA00DE-2DDF-4454-919A-6CB57FFA31E0}"
EndProject
Project("{2150E333-8FDC-42A3-9474-1A3956D46DE8}") = "_Legacy", "_Legacy", "{6D3A762F-3F6C-44D4-9921-A7E256CCEA0B}"
EndProject
Project("{9A19103F-16F7-4668-BE54-9A1E7A4F7556}") = "Sparc.Blossom", "..\blossom\Sparc.Blossom.Server\Sparc.Blossom.csproj", "{AF4146B8-6BC5-427A-8F6B-9AF82790C04E}"
EndProject
Project("{2150E333-8FDC-42A3-9474-1A3956D46DE8}") = "_Blossom", "_Blossom", "{C6E8232B-51B9-427D-9A08-36B5C8D67D8A}"
EndProject
Project("{9A19103F-16F7-4668-BE54-9A1E7A4F7556}") = "Sparc.Blossom.Core", "..\blossom\Sparc.Blossom.Core\Sparc.Blossom.Core.csproj", "{BC4C6BC8-9F59-4306-ABB4-3A8292BFCF06}"
EndProject
Project("{9A19103F-16F7-4668-BE54-9A1E7A4F7556}") = "Sparc.Blossom.ApiGenerator", "..\blossom\Sparc.Blossom.Server.ApiGenerator\Sparc.Blossom.ApiGenerator.csproj", "{025D838C-E513-4CDE-805C-F03B0CE75299}"
EndProject
Global
	GlobalSection(SolutionConfigurationPlatforms) = preSolution
		Debug|Any CPU = Debug|Any CPU
		Release|Any CPU = Release|Any CPU
	EndGlobalSection
	GlobalSection(ProjectConfigurationPlatforms) = postSolution
		{4BB97F2D-7CFB-40D2-AE4F-6C61EF40BF72}.Debug|Any CPU.ActiveCfg = Debug|Any CPU
		{4BB97F2D-7CFB-40D2-AE4F-6C61EF40BF72}.Release|Any CPU.ActiveCfg = Release|Any CPU
		{4BB97F2D-7CFB-40D2-AE4F-6C61EF40BF72}.Release|Any CPU.Build.0 = Release|Any CPU
		{D713DAA9-D37B-4600-9A38-53061B20605F}.Debug|Any CPU.ActiveCfg = Debug|Any CPU
		{D713DAA9-D37B-4600-9A38-53061B20605F}.Release|Any CPU.ActiveCfg = Release|Any CPU
		{D713DAA9-D37B-4600-9A38-53061B20605F}.Release|Any CPU.Build.0 = Release|Any CPU
		{10CA00DE-2DDF-4454-919A-6CB57FFA31E0}.Debug|Any CPU.ActiveCfg = Debug|Any CPU
		{10CA00DE-2DDF-4454-919A-6CB57FFA31E0}.Debug|Any CPU.Build.0 = Debug|Any CPU
		{10CA00DE-2DDF-4454-919A-6CB57FFA31E0}.Release|Any CPU.ActiveCfg = Release|Any CPU
		{10CA00DE-2DDF-4454-919A-6CB57FFA31E0}.Release|Any CPU.Build.0 = Release|Any CPU
		{AF4146B8-6BC5-427A-8F6B-9AF82790C04E}.Debug|Any CPU.ActiveCfg = Debug|Any CPU
		{AF4146B8-6BC5-427A-8F6B-9AF82790C04E}.Debug|Any CPU.Build.0 = Debug|Any CPU
		{AF4146B8-6BC5-427A-8F6B-9AF82790C04E}.Release|Any CPU.ActiveCfg = Release|Any CPU
		{AF4146B8-6BC5-427A-8F6B-9AF82790C04E}.Release|Any CPU.Build.0 = Release|Any CPU
		{BC4C6BC8-9F59-4306-ABB4-3A8292BFCF06}.Debug|Any CPU.ActiveCfg = Debug|Any CPU
		{BC4C6BC8-9F59-4306-ABB4-3A8292BFCF06}.Debug|Any CPU.Build.0 = Debug|Any CPU
		{BC4C6BC8-9F59-4306-ABB4-3A8292BFCF06}.Release|Any CPU.ActiveCfg = Release|Any CPU
		{BC4C6BC8-9F59-4306-ABB4-3A8292BFCF06}.Release|Any CPU.Build.0 = Release|Any CPU
		{025D838C-E513-4CDE-805C-F03B0CE75299}.Debug|Any CPU.ActiveCfg = Debug|Any CPU
		{025D838C-E513-4CDE-805C-F03B0CE75299}.Debug|Any CPU.Build.0 = Debug|Any CPU
		{025D838C-E513-4CDE-805C-F03B0CE75299}.Release|Any CPU.ActiveCfg = Release|Any CPU
		{025D838C-E513-4CDE-805C-F03B0CE75299}.Release|Any CPU.Build.0 = Release|Any CPU
	EndGlobalSection
	GlobalSection(SolutionProperties) = preSolution
		HideSolutionNode = FALSE
	EndGlobalSection
	GlobalSection(NestedProjects) = preSolution
		{4BB97F2D-7CFB-40D2-AE4F-6C61EF40BF72} = {6D3A762F-3F6C-44D4-9921-A7E256CCEA0B}
		{D713DAA9-D37B-4600-9A38-53061B20605F} = {6D3A762F-3F6C-44D4-9921-A7E256CCEA0B}
		{AF4146B8-6BC5-427A-8F6B-9AF82790C04E} = {C6E8232B-51B9-427D-9A08-36B5C8D67D8A}
		{BC4C6BC8-9F59-4306-ABB4-3A8292BFCF06} = {C6E8232B-51B9-427D-9A08-36B5C8D67D8A}
		{025D838C-E513-4CDE-805C-F03B0CE75299} = {C6E8232B-51B9-427D-9A08-36B5C8D67D8A}
	EndGlobalSection
	GlobalSection(ExtensibilityGlobals) = postSolution
		SolutionGuid = {3B62532E-4EEB-4BBA-BCFC-8047EA9EBBB5}
	EndGlobalSection
EndGlobal
