
Microsoft Visual Studio Solution File, Format Version 12.00
# Visual Studio Version 16
VisualStudioVersion = 16.0.30014.187
MinimumVisualStudioVersion = 10.0.40219.1
Project("{9A19103F-16F7-4668-BE54-9A1E7A4F7556}") = "UI-Kit", "UI-Kit\UI-Kit.csproj", "{87B9CDA0-DD6E-46FD-9618-302F29571F2A}"
EndProject
Project("{9A19103F-16F7-4668-BE54-9A1E7A4F7556}") = "Kodekit.Web", "Kodekit.Web\Kodekit.Web.csproj", "{4BB97F2D-7CFB-40D2-AE4F-6C61EF40BF72}"
EndProject
Project("{FAE04EC0-301F-11D3-BF4B-00C04F79EFBC}") = "Kodekit.Core", "Kodekit.Core\Kodekit.Core.csproj", "{08BF3393-22C7-4D9D-9B86-009486302F06}"
EndProject
Project("{FAE04EC0-301F-11D3-BF4B-00C04F79EFBC}") = "Kodekit.Features", "Kodekit.Features\Kodekit.Features.csproj", "{D713DAA9-D37B-4600-9A38-53061B20605F}"
EndProject
Global
	GlobalSection(SolutionConfigurationPlatforms) = preSolution
		Debug|Any CPU = Debug|Any CPU
		Release|Any CPU = Release|Any CPU
	EndGlobalSection
	GlobalSection(ProjectConfigurationPlatforms) = postSolution
		{87B9CDA0-DD6E-46FD-9618-302F29571F2A}.Debug|Any CPU.ActiveCfg = Debug|Any CPU
		{87B9CDA0-DD6E-46FD-9618-302F29571F2A}.Debug|Any CPU.Build.0 = Debug|Any CPU
		{87B9CDA0-DD6E-46FD-9618-302F29571F2A}.Release|Any CPU.ActiveCfg = Release|Any CPU
		{87B9CDA0-DD6E-46FD-9618-302F29571F2A}.Release|Any CPU.Build.0 = Release|Any CPU
		{4BB97F2D-7CFB-40D2-AE4F-6C61EF40BF72}.Debug|Any CPU.ActiveCfg = Debug|Any CPU
		{4BB97F2D-7CFB-40D2-AE4F-6C61EF40BF72}.Debug|Any CPU.Build.0 = Debug|Any CPU
		{4BB97F2D-7CFB-40D2-AE4F-6C61EF40BF72}.Release|Any CPU.ActiveCfg = Release|Any CPU
		{4BB97F2D-7CFB-40D2-AE4F-6C61EF40BF72}.Release|Any CPU.Build.0 = Release|Any CPU
		{08BF3393-22C7-4D9D-9B86-009486302F06}.Debug|Any CPU.ActiveCfg = Debug|Any CPU
		{08BF3393-22C7-4D9D-9B86-009486302F06}.Debug|Any CPU.Build.0 = Debug|Any CPU
		{08BF3393-22C7-4D9D-9B86-009486302F06}.Release|Any CPU.ActiveCfg = Release|Any CPU
		{08BF3393-22C7-4D9D-9B86-009486302F06}.Release|Any CPU.Build.0 = Release|Any CPU
		{D713DAA9-D37B-4600-9A38-53061B20605F}.Debug|Any CPU.ActiveCfg = Debug|Any CPU
		{D713DAA9-D37B-4600-9A38-53061B20605F}.Debug|Any CPU.Build.0 = Debug|Any CPU
		{D713DAA9-D37B-4600-9A38-53061B20605F}.Release|Any CPU.ActiveCfg = Release|Any CPU
		{D713DAA9-D37B-4600-9A38-53061B20605F}.Release|Any CPU.Build.0 = Release|Any CPU
	EndGlobalSection
	GlobalSection(SolutionProperties) = preSolution
		HideSolutionNode = FALSE
	EndGlobalSection
	GlobalSection(ExtensibilityGlobals) = postSolution
		SolutionGuid = {3B62532E-4EEB-4BBA-BCFC-8047EA9EBBB5}
	EndGlobalSection
EndGlobal
